%{
  "earmark": {:hex, :earmark, "1.4.10", "bddce5e8ea37712a5bfb01541be8ba57d3b171d3fa4f80a0be9bcf1db417bcaf", [:mix], [{:earmark_parser, ">= 1.4.10", [hex: :earmark_parser, repo: "hexpm", optional: false]}], "hexpm", "12dbfa80810478e521d3ffb941ad9fbfcbbd7debe94e1341b4c4a1b2411c1c27"},
  "earmark_parser": {:hex, :earmark_parser, "1.4.10", "6603d7a603b9c18d3d20db69921527f82ef09990885ed7525003c7fe7dc86c56", [:mix], [], "hexpm", "8e2d5370b732385db2c9b22215c3f59c84ac7dda7ed7e544d7c459496ae519c0"},
  "ex_doc": {:hex, :ex_doc, "0.22.2", "03a2a58bdd2ba0d83d004507c4ee113b9c521956938298eba16e55cc4aba4a6c", [:mix], [{:earmark_parser, "~> 1.4.0", [hex: :earmark_parser, repo: "hexpm", optional: false]}, {:makeup_elixir, "~> 0.14", [hex: :makeup_elixir, repo: "hexpm", optional: false]}], "hexpm", "cf60e1b3e2efe317095b6bb79651f83a2c1b3edcb4d319c421d7fcda8b3aff26"},
  "ex_doc_simple_markdown": {:hex, :ex_doc_simple_markdown, "0.5.0", "546d8cd58c92f2e5a2d90c6fd5d926ab825d2538dd12fa4a0437763297929977", [:mix], [{:ex_doc, "~> 0.18", [hex: :ex_doc, repo: "hexpm", optional: false]}, {:simple_markdown, "~> 0.8", [hex: :simple_markdown, repo: "hexpm", optional: false]}], "hexpm", "9e9f3dd023a59ce7d8afc761eefb742016328fe38f013954b9eb88308ee88f40"},
  "html_entities": {:hex, :html_entities, "0.5.1", "1c9715058b42c35a2ab65edc5b36d0ea66dd083767bef6e3edb57870ef556549", [:mix], [], "hexpm", "30efab070904eb897ff05cd52fa61c1025d7f8ef3a9ca250bc4e6513d16c32de"},
  "makeup": {:hex, :makeup, "1.0.3", "e339e2f766d12e7260e6672dd4047405963c5ec99661abdc432e6ec67d29ef95", [:mix], [{:nimble_parsec, "~> 0.5", [hex: :nimble_parsec, repo: "hexpm", optional: false]}], "hexpm", "2e9b4996d11832947731f7608fed7ad2f9443011b3b479ae288011265cdd3dad"},
  "makeup_elixir": {:hex, :makeup_elixir, "0.14.1", "4f0e96847c63c17841d42c08107405a005a2680eb9c7ccadfd757bd31dabccfb", [:mix], [{:makeup, "~> 1.0", [hex: :makeup, repo: "hexpm", optional: false]}], "hexpm", "f2438b1a80eaec9ede832b5c41cd4f373b38fd7aa33e3b22d9db79e640cbde11"},
  "nimble_parsec": {:hex, :nimble_parsec, "0.6.0", "32111b3bf39137144abd7ba1cce0914533b2d16ef35e8abc5ec8be6122944263", [:mix], [], "hexpm", "27eac315a94909d4dc68bc07a4a83e06c8379237c5ea528a9acff4ca1c873c52"},
  "parsey": {:hex, :parsey, "0.0.3", "0a736c0179886c533c97edb24e7ffe410077ef88d5d5db7313f4cd15fde4cf8f", [:mix], [], "hexpm", "49713435e11ee17c753292faf40beb57051d634339a47bfe2014e1e90126e9af"},
  "simple_markdown": {:hex, :simple_markdown, "0.8.2", "cca29f35c574829186e3304e39b2f31462fba119ecfb0ae6780c7b165b1e04c9", [:mix], [{:html_entities, "~> 0.3", [hex: :html_entities, repo: "hexpm", optional: false]}, {:parsey, "~> 0.0.3", [hex: :parsey, repo: "hexpm", optional: false]}], "hexpm", "50db4cf17eb0a2ad71479c7a385954c5fca82887e3a94dd26819460586cf21df"},
  "tonic": {:hex, :tonic, "0.2.2", "80d7e9c6ceaa35b016af701884a7b2cbcc0dab5285fed081dd11106e0aa44d93", [:mix], [], "hexpm", "5a085f550848045825acd9fac59fb84a8128bf8387ca47dfe8aa9579da9ac564"},
}
